{
  "name": "CinemaApp",
  "lockfileVersion": 3,
  "requires": true,
  "packages": {
    "": {
      "dependencies": {
        "sql2": "^0.0.1"
      }
    },
    "node_modules/sql2": {
      "version": "0.0.1",
      "resolved": "https://registry.npmjs.org/sql2/-/sql2-0.0.1.tgz",
      "integrity": "sha512-oLuKxrvDWPP5Dbe2395VGFzRSfc2QDm3gRjsHNsYZHCIvVeg92GKqRbp8FHdZRkAJ6bwdS1t9hFf/m1Dy319fw==",
      "license": "CC0-1.0"
    }
  }
}
